
Microsoft Visual Studio Solution File, Format Version 12.00
# Visual Studio Version 17
VisualStudioVersion = 17.0.31912.275
MinimumVisualStudioVersion = 10.0.40219.1
Project("{2150E333-8FDC-42A3-9474-1A3956D46DE8}") = "ShopManagement", "ShopManagement", "{4E2AE710-06BF-46DC-9398-B1786BF59D22}"
EndProject
Project("{2150E333-8FDC-42A3-9474-1A3956D46DE8}") = "SM.Domain", "SM.Domain", "{20CD8AE7-D1ED-4D3D-B36E-E77C7728D5A7}"
EndProject
Project("{9A19103F-16F7-4668-BE54-9A1E7A4F7556}") = "ShopManagement.Domain", "ShopManagement.Domain\ShopManagement.Domain.csproj", "{9C99C8A4-5763-41DB-BE9A-859A100D5EB7}"
EndProject
Project("{9A19103F-16F7-4668-BE54-9A1E7A4F7556}") = "0_Framework", "0_Framework\0_Framework.csproj", "{106145D0-41EB-4570-BF92-5BA2359D1F24}"
EndProject
Project("{2150E333-8FDC-42A3-9474-1A3956D46DE8}") = "Sm.Application", "Sm.Application", "{349409E1-586E-4EA8-B224-F882E47DF366}"
EndProject
Project("{9A19103F-16F7-4668-BE54-9A1E7A4F7556}") = "ShopManagement.application.Contracts", "ShopManagement.application.Contracts\ShopManagement.application.Contracts.csproj", "{6FCC846D-CBAD-457B-B583-6D0F2ECF905F}"
EndProject
Project("{9A19103F-16F7-4668-BE54-9A1E7A4F7556}") = "ShopManagement.Aplication", "ShopManagement.Aplication\ShopManagement.Aplication.csproj", "{D4288C88-4F3E-402E-8FA4-7437D6A477EE}"
EndProject
Project("{2150E333-8FDC-42A3-9474-1A3956D46DE8}") = "SM.Infrastructure", "SM.Infrastructure", "{45E0C3CC-6D0D-4BB1-9F71-CC94DCEBB062}"
EndProject
Project("{9A19103F-16F7-4668-BE54-9A1E7A4F7556}") = "ShopManagementInfrastructure.EFCore", "ShopManagementInfrastructure.EFCore\ShopManagementInfrastructure.EFCore.csproj", "{46701215-E5B5-47D3-A8F2-E0C5B5BD5F87}"
EndProject
Project("{9A19103F-16F7-4668-BE54-9A1E7A4F7556}") = "ShopManagement.Configuration", "ShopManagement.Configuration\ShopManagement.Configuration.csproj", "{3F58E0EE-54DF-4FDD-925D-696790BDB2B8}"
EndProject
Project("{9A19103F-16F7-4668-BE54-9A1E7A4F7556}") = "ServiceHost", "ServiceHost\ServiceHost.csproj", "{75ABF702-ABBC-4A3C-B3C8-BDF1EE96C134}"
EndProject
Project("{9A19103F-16F7-4668-BE54-9A1E7A4F7556}") = "01_LampShadeQuery", "01_LampShadeQuery\01_LampShadeQuery.csproj", "{75507AEA-B37C-459D-BFB6-C277BA89F033}"
EndProject
Project("{2150E333-8FDC-42A3-9474-1A3956D46DE8}") = "DiscountManagement", "DiscountManagement", "{383F4C32-0821-4D09-BBB0-E97D0133784F}"
EndProject
Project("{2150E333-8FDC-42A3-9474-1A3956D46DE8}") = "DM.Domain", "DM.Domain", "{E9DF2446-EB22-4DB1-9C11-48A4E1DC8572}"
EndProject
Project("{9A19103F-16F7-4668-BE54-9A1E7A4F7556}") = "DiscountManagement.Domain", "DiscountManagement.Domain\DiscountManagement.Domain.csproj", "{9B6A4545-A80C-45D2-BD97-A81845E9DF4E}"
EndProject
Project("{2150E333-8FDC-42A3-9474-1A3956D46DE8}") = "Dm.Application", "Dm.Application", "{8640F3B5-04F1-4572-8844-E5550F5C12D3}"
EndProject
Project("{9A19103F-16F7-4668-BE54-9A1E7A4F7556}") = "DiscountManagement.Application.Contract", "DiscountManagement.Application.Contract\DiscountManagement.Application.Contract.csproj", "{4CAE1BBD-BE6A-4BCF-89B7-337065A46E48}"
EndProject
Project("{9A19103F-16F7-4668-BE54-9A1E7A4F7556}") = "DiscountManagement.Application", "DiscountManagement.Application\DiscountManagement.Application.csproj", "{3D77B6DC-4CCC-4F70-B21A-AAF296F45C29}"
EndProject
Project("{2150E333-8FDC-42A3-9474-1A3956D46DE8}") = "DM.Infrastructure", "DM.Infrastructure", "{AF5361C4-06E5-47FE-B170-6D05E1C8E897}"
EndProject
Project("{9A19103F-16F7-4668-BE54-9A1E7A4F7556}") = "DiscountManagement.Infrastructure.EFCore", "DiscountManagement.Infrastructure.EFCore\DiscountManagement.Infrastructure.EFCore.csproj", "{C826947C-375F-43A4-BB4C-27BDA7E6BEA5}"
EndProject
Project("{9A19103F-16F7-4668-BE54-9A1E7A4F7556}") = "DiscountManagement.Configuretion", "DiscountManagement.Configuretion\DiscountManagement.Configuretion.csproj", "{0CF6F998-144B-4837-9388-F08528C7972E}"
EndProject
Project("{2150E333-8FDC-42A3-9474-1A3956D46DE8}") = "InventoryManagement", "InventoryManagement", "{72FE5467-C3B1-49D7-BFFA-F95CED4122D4}"
EndProject
Project("{2150E333-8FDC-42A3-9474-1A3956D46DE8}") = "IM.Domain", "IM.Domain", "{9F6BEB5C-D196-42E8-9699-9AF85998A50D}"
EndProject
Project("{9A19103F-16F7-4668-BE54-9A1E7A4F7556}") = "InventoryManagement.Domain", "InventoryManagement.Domain\InventoryManagement.Domain.csproj", "{3B2608AB-C801-459D-B7DC-8B2AB04C1BE7}"
EndProject
Project("{2150E333-8FDC-42A3-9474-1A3956D46DE8}") = "IM.Application", "IM.Application", "{AA6D4AE1-A1C7-4E5D-A16E-8074C1E6D3DB}"
EndProject
Project("{9A19103F-16F7-4668-BE54-9A1E7A4F7556}") = "InventoryManagement.Application.Contracts", "InventoryManagement.Application.Contracts\InventoryManagement.Application.Contracts.csproj", "{B4859C92-D970-40F5-B548-05375160F833}"
EndProject
Project("{2150E333-8FDC-42A3-9474-1A3956D46DE8}") = "IM.Infrastructure", "IM.Infrastructure", "{4FC70DC8-DC0C-4EF2-923D-9EE07B0DF290}"
EndProject
Project("{9A19103F-16F7-4668-BE54-9A1E7A4F7556}") = "InventoryManagement.Infrastructure.EFCore", "InventoryManagement.Infrastructure.EFCore\InventoryManagement.Infrastructure.EFCore.csproj", "{52EA12F6-CB08-4B86-8367-C01DBCC3379E}"
EndProject
Project("{9A19103F-16F7-4668-BE54-9A1E7A4F7556}") = "InventoryManagement.Infrastructure.Configuration", "InventoryManagement.Infrastructure.Configuration\InventoryManagement.Infrastructure.Configuration.csproj", "{AD1B0622-72BF-48B1-BEC5-A968D47852CD}"
EndProject
Project("{9A19103F-16F7-4668-BE54-9A1E7A4F7556}") = "InventoryManagement.Application", "InventoryManagement.Application\InventoryManagement.Application.csproj", "{8A1F299C-6D14-4A19-94CC-84A5781DE16E}"
EndProject
Project("{2150E333-8FDC-42A3-9474-1A3956D46DE8}") = "BlogManagement", "BlogManagement", "{EC2A4E37-42EB-41E8-8CAD-2A3A534D02DD}"
EndProject
Project("{2150E333-8FDC-42A3-9474-1A3956D46DE8}") = "BM.Domain", "BM.Domain", "{44303B81-2A95-46DC-B8EF-2EC6BEA44B9D}"
EndProject
Project("{9A19103F-16F7-4668-BE54-9A1E7A4F7556}") = "BlogManagement.Domain", "BlogManagement.Domain\BlogManagement.Domain.csproj", "{38A1A65E-AB92-477A-8255-B8C79C6736D2}"
EndProject
Project("{2150E333-8FDC-42A3-9474-1A3956D46DE8}") = "BM.Application", "BM.Application", "{23F368B6-775E-42DE-8249-55728B171ABB}"
EndProject
Project("{9A19103F-16F7-4668-BE54-9A1E7A4F7556}") = "BlogManagement.Application.Contracts", "BlogManagement.Contracts\BlogManagement.Application.Contracts.csproj", "{AE94CE9E-9855-46E3-8B07-58402279FEE4}"
EndProject
Project("{9A19103F-16F7-4668-BE54-9A1E7A4F7556}") = "BlogManagment.Application", "BlogManagment.Application\BlogManagment.Application.csproj", "{04C556D7-36C1-4982-A02E-CC9CB3C31024}"
EndProject
Project("{2150E333-8FDC-42A3-9474-1A3956D46DE8}") = "BM.Infrastructure", "BM.Infrastructure", "{C0BD3F45-4A4C-4AE6-9EC5-6F9FCC5F86A1}"
EndProject
Project("{9A19103F-16F7-4668-BE54-9A1E7A4F7556}") = "BlogManagement.Infrastrcture.EFCore", "BlogManagement.Infrastrcture.EFCore\BlogManagement.Infrastrcture.EFCore.csproj", "{35FE9EE6-C87B-47C7-AE6B-73147FDB472D}"
EndProject
Project("{9A19103F-16F7-4668-BE54-9A1E7A4F7556}") = "BlogManagement.Infrastructure.Configuration", "BlogManagement.Infrastructure.Configuration\BlogManagement.Infrastructure.Configuration.csproj", "{A2D456D6-0FFA-4A7A-801D-FD3C1BE451FE}"
EndProject
Project("{2150E333-8FDC-42A3-9474-1A3956D46DE8}") = "CommentManagement", "CommentManagement", "{3D55BC34-7118-4BCA-96CC-A24FCAF7007B}"
EndProject
Project("{2150E333-8FDC-42A3-9474-1A3956D46DE8}") = "CM.Domain", "CM.Domain", "{9B593D56-18E2-45F4-BAC6-FC973686953E}"
EndProject
Project("{9A19103F-16F7-4668-BE54-9A1E7A4F7556}") = "CommentManagement.Domain", "CommentManagement.Domain\CommentManagement.Domain.csproj", "{1202D408-6F83-4FF6-929D-2A0C385720DC}"
EndProject
Project("{2150E333-8FDC-42A3-9474-1A3956D46DE8}") = "CM.Application", "CM.Application", "{9C567F6E-8D3E-4418-B329-39953E466F62}"
EndProject
Project("{9A19103F-16F7-4668-BE54-9A1E7A4F7556}") = "CommentManagement.Application.Contracts", "CommentManagement.Application.Contracts\CommentManagement.Application.Contracts.csproj", "{A2A10C18-7C51-4AA1-9D22-D5E0D3927967}"
EndProject
Project("{9A19103F-16F7-4668-BE54-9A1E7A4F7556}") = "CommentManagement.Application", "CommentManagement.Application\CommentManagement.Application.csproj", "{C7B3FBFF-8A27-4E7C-BDD7-CBCB5712A820}"
EndProject
Project("{2150E333-8FDC-42A3-9474-1A3956D46DE8}") = "CM.Infrastructure", "CM.Infrastructure", "{857992E9-8EA0-4C0A-B468-F12B9DB10BF4}"
EndProject
Project("{9A19103F-16F7-4668-BE54-9A1E7A4F7556}") = "CommentManagement.Configuration", "CommentManagement.Configuration\CommentManagement.Configuration.csproj", "{FBB0267C-2EFA-43AC-9147-FCBC72F73C8A}"
EndProject
Project("{9A19103F-16F7-4668-BE54-9A1E7A4F7556}") = "CommentManagement.Infrastructure.EFCore", "CommentManagement.Infrastructure.EFCore\CommentManagement.Infrastructure.EFCore.csproj", "{CB1CC1D8-DC56-4675-A4B7-69753267E9A1}"
EndProject
Global
	GlobalSection(SolutionConfigurationPlatforms) = preSolution
		Debug|Any CPU = Debug|Any CPU
		Release|Any CPU = Release|Any CPU
	EndGlobalSection
	GlobalSection(ProjectConfigurationPlatforms) = postSolution
		{9C99C8A4-5763-41DB-BE9A-859A100D5EB7}.Debug|Any CPU.ActiveCfg = Debug|Any CPU
		{9C99C8A4-5763-41DB-BE9A-859A100D5EB7}.Debug|Any CPU.Build.0 = Debug|Any CPU
		{9C99C8A4-5763-41DB-BE9A-859A100D5EB7}.Release|Any CPU.ActiveCfg = Release|Any CPU
		{9C99C8A4-5763-41DB-BE9A-859A100D5EB7}.Release|Any CPU.Build.0 = Release|Any CPU
		{106145D0-41EB-4570-BF92-5BA2359D1F24}.Debug|Any CPU.ActiveCfg = Debug|Any CPU
		{106145D0-41EB-4570-BF92-5BA2359D1F24}.Debug|Any CPU.Build.0 = Debug|Any CPU
		{106145D0-41EB-4570-BF92-5BA2359D1F24}.Release|Any CPU.ActiveCfg = Release|Any CPU
		{106145D0-41EB-4570-BF92-5BA2359D1F24}.Release|Any CPU.Build.0 = Release|Any CPU
		{6FCC846D-CBAD-457B-B583-6D0F2ECF905F}.Debug|Any CPU.ActiveCfg = Debug|Any CPU
		{6FCC846D-CBAD-457B-B583-6D0F2ECF905F}.Debug|Any CPU.Build.0 = Debug|Any CPU
		{6FCC846D-CBAD-457B-B583-6D0F2ECF905F}.Release|Any CPU.ActiveCfg = Release|Any CPU
		{6FCC846D-CBAD-457B-B583-6D0F2ECF905F}.Release|Any CPU.Build.0 = Release|Any CPU
		{D4288C88-4F3E-402E-8FA4-7437D6A477EE}.Debug|Any CPU.ActiveCfg = Debug|Any CPU
		{D4288C88-4F3E-402E-8FA4-7437D6A477EE}.Debug|Any CPU.Build.0 = Debug|Any CPU
		{D4288C88-4F3E-402E-8FA4-7437D6A477EE}.Release|Any CPU.ActiveCfg = Release|Any CPU
		{D4288C88-4F3E-402E-8FA4-7437D6A477EE}.Release|Any CPU.Build.0 = Release|Any CPU
		{46701215-E5B5-47D3-A8F2-E0C5B5BD5F87}.Debug|Any CPU.ActiveCfg = Debug|Any CPU
		{46701215-E5B5-47D3-A8F2-E0C5B5BD5F87}.Debug|Any CPU.Build.0 = Debug|Any CPU
		{46701215-E5B5-47D3-A8F2-E0C5B5BD5F87}.Release|Any CPU.ActiveCfg = Release|Any CPU
		{46701215-E5B5-47D3-A8F2-E0C5B5BD5F87}.Release|Any CPU.Build.0 = Release|Any CPU
		{3F58E0EE-54DF-4FDD-925D-696790BDB2B8}.Debug|Any CPU.ActiveCfg = Debug|Any CPU
		{3F58E0EE-54DF-4FDD-925D-696790BDB2B8}.Debug|Any CPU.Build.0 = Debug|Any CPU
		{3F58E0EE-54DF-4FDD-925D-696790BDB2B8}.Release|Any CPU.ActiveCfg = Release|Any CPU
		{3F58E0EE-54DF-4FDD-925D-696790BDB2B8}.Release|Any CPU.Build.0 = Release|Any CPU
		{75ABF702-ABBC-4A3C-B3C8-BDF1EE96C134}.Debug|Any CPU.ActiveCfg = Debug|Any CPU
		{75ABF702-ABBC-4A3C-B3C8-BDF1EE96C134}.Debug|Any CPU.Build.0 = Debug|Any CPU
		{75ABF702-ABBC-4A3C-B3C8-BDF1EE96C134}.Release|Any CPU.ActiveCfg = Release|Any CPU
		{75ABF702-ABBC-4A3C-B3C8-BDF1EE96C134}.Release|Any CPU.Build.0 = Release|Any CPU
		{75507AEA-B37C-459D-BFB6-C277BA89F033}.Debug|Any CPU.ActiveCfg = Debug|Any CPU
		{75507AEA-B37C-459D-BFB6-C277BA89F033}.Debug|Any CPU.Build.0 = Debug|Any CPU
		{75507AEA-B37C-459D-BFB6-C277BA89F033}.Release|Any CPU.ActiveCfg = Release|Any CPU
		{75507AEA-B37C-459D-BFB6-C277BA89F033}.Release|Any CPU.Build.0 = Release|Any CPU
		{9B6A4545-A80C-45D2-BD97-A81845E9DF4E}.Debug|Any CPU.ActiveCfg = Debug|Any CPU
		{9B6A4545-A80C-45D2-BD97-A81845E9DF4E}.Debug|Any CPU.Build.0 = Debug|Any CPU
		{9B6A4545-A80C-45D2-BD97-A81845E9DF4E}.Release|Any CPU.ActiveCfg = Release|Any CPU
		{9B6A4545-A80C-45D2-BD97-A81845E9DF4E}.Release|Any CPU.Build.0 = Release|Any CPU
		{4CAE1BBD-BE6A-4BCF-89B7-337065A46E48}.Debug|Any CPU.ActiveCfg = Debug|Any CPU
		{4CAE1BBD-BE6A-4BCF-89B7-337065A46E48}.Debug|Any CPU.Build.0 = Debug|Any CPU
		{4CAE1BBD-BE6A-4BCF-89B7-337065A46E48}.Release|Any CPU.ActiveCfg = Release|Any CPU
		{4CAE1BBD-BE6A-4BCF-89B7-337065A46E48}.Release|Any CPU.Build.0 = Release|Any CPU
		{3D77B6DC-4CCC-4F70-B21A-AAF296F45C29}.Debug|Any CPU.ActiveCfg = Debug|Any CPU
		{3D77B6DC-4CCC-4F70-B21A-AAF296F45C29}.Debug|Any CPU.Build.0 = Debug|Any CPU
		{3D77B6DC-4CCC-4F70-B21A-AAF296F45C29}.Release|Any CPU.ActiveCfg = Release|Any CPU
		{3D77B6DC-4CCC-4F70-B21A-AAF296F45C29}.Release|Any CPU.Build.0 = Release|Any CPU
		{C826947C-375F-43A4-BB4C-27BDA7E6BEA5}.Debug|Any CPU.ActiveCfg = Debug|Any CPU
		{C826947C-375F-43A4-BB4C-27BDA7E6BEA5}.Debug|Any CPU.Build.0 = Debug|Any CPU
		{C826947C-375F-43A4-BB4C-27BDA7E6BEA5}.Release|Any CPU.ActiveCfg = Release|Any CPU
		{C826947C-375F-43A4-BB4C-27BDA7E6BEA5}.Release|Any CPU.Build.0 = Release|Any CPU
		{0CF6F998-144B-4837-9388-F08528C7972E}.Debug|Any CPU.ActiveCfg = Debug|Any CPU
		{0CF6F998-144B-4837-9388-F08528C7972E}.Debug|Any CPU.Build.0 = Debug|Any CPU
		{0CF6F998-144B-4837-9388-F08528C7972E}.Release|Any CPU.ActiveCfg = Release|Any CPU
		{0CF6F998-144B-4837-9388-F08528C7972E}.Release|Any CPU.Build.0 = Release|Any CPU
		{3B2608AB-C801-459D-B7DC-8B2AB04C1BE7}.Debug|Any CPU.ActiveCfg = Debug|Any CPU
		{3B2608AB-C801-459D-B7DC-8B2AB04C1BE7}.Debug|Any CPU.Build.0 = Debug|Any CPU
		{3B2608AB-C801-459D-B7DC-8B2AB04C1BE7}.Release|Any CPU.ActiveCfg = Release|Any CPU
		{3B2608AB-C801-459D-B7DC-8B2AB04C1BE7}.Release|Any CPU.Build.0 = Release|Any CPU
		{B4859C92-D970-40F5-B548-05375160F833}.Debug|Any CPU.ActiveCfg = Debug|Any CPU
		{B4859C92-D970-40F5-B548-05375160F833}.Debug|Any CPU.Build.0 = Debug|Any CPU
		{B4859C92-D970-40F5-B548-05375160F833}.Release|Any CPU.ActiveCfg = Release|Any CPU
		{B4859C92-D970-40F5-B548-05375160F833}.Release|Any CPU.Build.0 = Release|Any CPU
		{52EA12F6-CB08-4B86-8367-C01DBCC3379E}.Debug|Any CPU.ActiveCfg = Debug|Any CPU
		{52EA12F6-CB08-4B86-8367-C01DBCC3379E}.Debug|Any CPU.Build.0 = Debug|Any CPU
		{52EA12F6-CB08-4B86-8367-C01DBCC3379E}.Release|Any CPU.ActiveCfg = Release|Any CPU
		{52EA12F6-CB08-4B86-8367-C01DBCC3379E}.Release|Any CPU.Build.0 = Release|Any CPU
		{AD1B0622-72BF-48B1-BEC5-A968D47852CD}.Debug|Any CPU.ActiveCfg = Debug|Any CPU
		{AD1B0622-72BF-48B1-BEC5-A968D47852CD}.Debug|Any CPU.Build.0 = Debug|Any CPU
		{AD1B0622-72BF-48B1-BEC5-A968D47852CD}.Release|Any CPU.ActiveCfg = Release|Any CPU
		{AD1B0622-72BF-48B1-BEC5-A968D47852CD}.Release|Any CPU.Build.0 = Release|Any CPU
		{8A1F299C-6D14-4A19-94CC-84A5781DE16E}.Debug|Any CPU.ActiveCfg = Debug|Any CPU
		{8A1F299C-6D14-4A19-94CC-84A5781DE16E}.Debug|Any CPU.Build.0 = Debug|Any CPU
		{8A1F299C-6D14-4A19-94CC-84A5781DE16E}.Release|Any CPU.ActiveCfg = Release|Any CPU
		{8A1F299C-6D14-4A19-94CC-84A5781DE16E}.Release|Any CPU.Build.0 = Release|Any CPU
		{38A1A65E-AB92-477A-8255-B8C79C6736D2}.Debug|Any CPU.ActiveCfg = Debug|Any CPU
		{38A1A65E-AB92-477A-8255-B8C79C6736D2}.Debug|Any CPU.Build.0 = Debug|Any CPU
		{38A1A65E-AB92-477A-8255-B8C79C6736D2}.Release|Any CPU.ActiveCfg = Release|Any CPU
		{38A1A65E-AB92-477A-8255-B8C79C6736D2}.Release|Any CPU.Build.0 = Release|Any CPU
		{AE94CE9E-9855-46E3-8B07-58402279FEE4}.Debug|Any CPU.ActiveCfg = Debug|Any CPU
		{AE94CE9E-9855-46E3-8B07-58402279FEE4}.Debug|Any CPU.Build.0 = Debug|Any CPU
		{AE94CE9E-9855-46E3-8B07-58402279FEE4}.Release|Any CPU.ActiveCfg = Release|Any CPU
		{AE94CE9E-9855-46E3-8B07-58402279FEE4}.Release|Any CPU.Build.0 = Release|Any CPU
		{04C556D7-36C1-4982-A02E-CC9CB3C31024}.Debug|Any CPU.ActiveCfg = Debug|Any CPU
		{04C556D7-36C1-4982-A02E-CC9CB3C31024}.Debug|Any CPU.Build.0 = Debug|Any CPU
		{04C556D7-36C1-4982-A02E-CC9CB3C31024}.Release|Any CPU.ActiveCfg = Release|Any CPU
		{04C556D7-36C1-4982-A02E-CC9CB3C31024}.Release|Any CPU.Build.0 = Release|Any CPU
		{35FE9EE6-C87B-47C7-AE6B-73147FDB472D}.Debug|Any CPU.ActiveCfg = Debug|Any CPU
		{35FE9EE6-C87B-47C7-AE6B-73147FDB472D}.Debug|Any CPU.Build.0 = Debug|Any CPU
		{35FE9EE6-C87B-47C7-AE6B-73147FDB472D}.Release|Any CPU.ActiveCfg = Release|Any CPU
		{35FE9EE6-C87B-47C7-AE6B-73147FDB472D}.Release|Any CPU.Build.0 = Release|Any CPU
		{A2D456D6-0FFA-4A7A-801D-FD3C1BE451FE}.Debug|Any CPU.ActiveCfg = Debug|Any CPU
		{A2D456D6-0FFA-4A7A-801D-FD3C1BE451FE}.Debug|Any CPU.Build.0 = Debug|Any CPU
		{A2D456D6-0FFA-4A7A-801D-FD3C1BE451FE}.Release|Any CPU.ActiveCfg = Release|Any CPU
		{A2D456D6-0FFA-4A7A-801D-FD3C1BE451FE}.Release|Any CPU.Build.0 = Release|Any CPU
		{1202D408-6F83-4FF6-929D-2A0C385720DC}.Debug|Any CPU.ActiveCfg = Debug|Any CPU
		{1202D408-6F83-4FF6-929D-2A0C385720DC}.Debug|Any CPU.Build.0 = Debug|Any CPU
		{1202D408-6F83-4FF6-929D-2A0C385720DC}.Release|Any CPU.ActiveCfg = Release|Any CPU
		{1202D408-6F83-4FF6-929D-2A0C385720DC}.Release|Any CPU.Build.0 = Release|Any CPU
		{A2A10C18-7C51-4AA1-9D22-D5E0D3927967}.Debug|Any CPU.ActiveCfg = Debug|Any CPU
		{A2A10C18-7C51-4AA1-9D22-D5E0D3927967}.Debug|Any CPU.Build.0 = Debug|Any CPU
		{A2A10C18-7C51-4AA1-9D22-D5E0D3927967}.Release|Any CPU.ActiveCfg = Release|Any CPU
		{A2A10C18-7C51-4AA1-9D22-D5E0D3927967}.Release|Any CPU.Build.0 = Release|Any CPU
		{C7B3FBFF-8A27-4E7C-BDD7-CBCB5712A820}.Debug|Any CPU.ActiveCfg = Debug|Any CPU
		{C7B3FBFF-8A27-4E7C-BDD7-CBCB5712A820}.Debug|Any CPU.Build.0 = Debug|Any CPU
		{C7B3FBFF-8A27-4E7C-BDD7-CBCB5712A820}.Release|Any CPU.ActiveCfg = Release|Any CPU
		{C7B3FBFF-8A27-4E7C-BDD7-CBCB5712A820}.Release|Any CPU.Build.0 = Release|Any CPU
		{FBB0267C-2EFA-43AC-9147-FCBC72F73C8A}.Debug|Any CPU.ActiveCfg = Debug|Any CPU
		{FBB0267C-2EFA-43AC-9147-FCBC72F73C8A}.Debug|Any CPU.Build.0 = Debug|Any CPU
		{FBB0267C-2EFA-43AC-9147-FCBC72F73C8A}.Release|Any CPU.ActiveCfg = Release|Any CPU
		{FBB0267C-2EFA-43AC-9147-FCBC72F73C8A}.Release|Any CPU.Build.0 = Release|Any CPU
		{CB1CC1D8-DC56-4675-A4B7-69753267E9A1}.Debug|Any CPU.ActiveCfg = Debug|Any CPU
		{CB1CC1D8-DC56-4675-A4B7-69753267E9A1}.Debug|Any CPU.Build.0 = Debug|Any CPU
		{CB1CC1D8-DC56-4675-A4B7-69753267E9A1}.Release|Any CPU.ActiveCfg = Release|Any CPU
		{CB1CC1D8-DC56-4675-A4B7-69753267E9A1}.Release|Any CPU.Build.0 = Release|Any CPU
	EndGlobalSection
	GlobalSection(SolutionProperties) = preSolution
		HideSolutionNode = FALSE
	EndGlobalSection
	GlobalSection(NestedProjects) = preSolution
		{20CD8AE7-D1ED-4D3D-B36E-E77C7728D5A7} = {4E2AE710-06BF-46DC-9398-B1786BF59D22}
		{9C99C8A4-5763-41DB-BE9A-859A100D5EB7} = {20CD8AE7-D1ED-4D3D-B36E-E77C7728D5A7}
		{349409E1-586E-4EA8-B224-F882E47DF366} = {4E2AE710-06BF-46DC-9398-B1786BF59D22}
		{6FCC846D-CBAD-457B-B583-6D0F2ECF905F} = {349409E1-586E-4EA8-B224-F882E47DF366}
		{D4288C88-4F3E-402E-8FA4-7437D6A477EE} = {349409E1-586E-4EA8-B224-F882E47DF366}
		{45E0C3CC-6D0D-4BB1-9F71-CC94DCEBB062} = {4E2AE710-06BF-46DC-9398-B1786BF59D22}
		{46701215-E5B5-47D3-A8F2-E0C5B5BD5F87} = {45E0C3CC-6D0D-4BB1-9F71-CC94DCEBB062}
		{3F58E0EE-54DF-4FDD-925D-696790BDB2B8} = {45E0C3CC-6D0D-4BB1-9F71-CC94DCEBB062}
		{E9DF2446-EB22-4DB1-9C11-48A4E1DC8572} = {383F4C32-0821-4D09-BBB0-E97D0133784F}
		{9B6A4545-A80C-45D2-BD97-A81845E9DF4E} = {E9DF2446-EB22-4DB1-9C11-48A4E1DC8572}
		{8640F3B5-04F1-4572-8844-E5550F5C12D3} = {383F4C32-0821-4D09-BBB0-E97D0133784F}
		{4CAE1BBD-BE6A-4BCF-89B7-337065A46E48} = {8640F3B5-04F1-4572-8844-E5550F5C12D3}
		{3D77B6DC-4CCC-4F70-B21A-AAF296F45C29} = {8640F3B5-04F1-4572-8844-E5550F5C12D3}
		{AF5361C4-06E5-47FE-B170-6D05E1C8E897} = {383F4C32-0821-4D09-BBB0-E97D0133784F}
		{C826947C-375F-43A4-BB4C-27BDA7E6BEA5} = {AF5361C4-06E5-47FE-B170-6D05E1C8E897}
		{0CF6F998-144B-4837-9388-F08528C7972E} = {AF5361C4-06E5-47FE-B170-6D05E1C8E897}
		{9F6BEB5C-D196-42E8-9699-9AF85998A50D} = {72FE5467-C3B1-49D7-BFFA-F95CED4122D4}
		{3B2608AB-C801-459D-B7DC-8B2AB04C1BE7} = {9F6BEB5C-D196-42E8-9699-9AF85998A50D}
		{AA6D4AE1-A1C7-4E5D-A16E-8074C1E6D3DB} = {72FE5467-C3B1-49D7-BFFA-F95CED4122D4}
		{B4859C92-D970-40F5-B548-05375160F833} = {AA6D4AE1-A1C7-4E5D-A16E-8074C1E6D3DB}
		{4FC70DC8-DC0C-4EF2-923D-9EE07B0DF290} = {72FE5467-C3B1-49D7-BFFA-F95CED4122D4}
		{52EA12F6-CB08-4B86-8367-C01DBCC3379E} = {4FC70DC8-DC0C-4EF2-923D-9EE07B0DF290}
		{AD1B0622-72BF-48B1-BEC5-A968D47852CD} = {4FC70DC8-DC0C-4EF2-923D-9EE07B0DF290}
		{8A1F299C-6D14-4A19-94CC-84A5781DE16E} = {AA6D4AE1-A1C7-4E5D-A16E-8074C1E6D3DB}
		{44303B81-2A95-46DC-B8EF-2EC6BEA44B9D} = {EC2A4E37-42EB-41E8-8CAD-2A3A534D02DD}
		{38A1A65E-AB92-477A-8255-B8C79C6736D2} = {44303B81-2A95-46DC-B8EF-2EC6BEA44B9D}
		{23F368B6-775E-42DE-8249-55728B171ABB} = {EC2A4E37-42EB-41E8-8CAD-2A3A534D02DD}
		{AE94CE9E-9855-46E3-8B07-58402279FEE4} = {23F368B6-775E-42DE-8249-55728B171ABB}
		{04C556D7-36C1-4982-A02E-CC9CB3C31024} = {23F368B6-775E-42DE-8249-55728B171ABB}
		{C0BD3F45-4A4C-4AE6-9EC5-6F9FCC5F86A1} = {EC2A4E37-42EB-41E8-8CAD-2A3A534D02DD}
		{35FE9EE6-C87B-47C7-AE6B-73147FDB472D} = {C0BD3F45-4A4C-4AE6-9EC5-6F9FCC5F86A1}
		{A2D456D6-0FFA-4A7A-801D-FD3C1BE451FE} = {C0BD3F45-4A4C-4AE6-9EC5-6F9FCC5F86A1}
		{9B593D56-18E2-45F4-BAC6-FC973686953E} = {3D55BC34-7118-4BCA-96CC-A24FCAF7007B}
		{1202D408-6F83-4FF6-929D-2A0C385720DC} = {9B593D56-18E2-45F4-BAC6-FC973686953E}
		{9C567F6E-8D3E-4418-B329-39953E466F62} = {3D55BC34-7118-4BCA-96CC-A24FCAF7007B}
		{A2A10C18-7C51-4AA1-9D22-D5E0D3927967} = {9C567F6E-8D3E-4418-B329-39953E466F62}
		{C7B3FBFF-8A27-4E7C-BDD7-CBCB5712A820} = {9C567F6E-8D3E-4418-B329-39953E466F62}
		{857992E9-8EA0-4C0A-B468-F12B9DB10BF4} = {3D55BC34-7118-4BCA-96CC-A24FCAF7007B}
		{FBB0267C-2EFA-43AC-9147-FCBC72F73C8A} = {857992E9-8EA0-4C0A-B468-F12B9DB10BF4}
		{CB1CC1D8-DC56-4675-A4B7-69753267E9A1} = {857992E9-8EA0-4C0A-B468-F12B9DB10BF4}
	EndGlobalSection
	GlobalSection(ExtensibilityGlobals) = postSolution
		SolutionGuid = {CF78D1B5-11E4-472E-A1F9-513837B3C361}
	EndGlobalSection
EndGlobal
